
Microsoft Visual Studio Solution File, Format Version 12.00
# Visual Studio Version 16
VisualStudioVersion = 16.0.31402.337
MinimumVisualStudioVersion = 10.0.40219.1
Project("{FAE04EC0-301F-11D3-BF4B-00C04F79EFBC}") = "ProjectEMR", "ProjectEMR\ProjectEMR.csproj", "{8B1EC274-8116-4706-B880-398A7231B6F5}"
EndProject
Project("{FAE04EC0-301F-11D3-BF4B-00C04F79EFBC}") = "ProjectEMR.Tests", "ProjectEMR.Tests\ProjectEMR.Tests.csproj", "{3A2DD1D5-F417-488B-B1AB-D2233E405A72}"
EndProject
Global
	GlobalSection(SolutionConfigurationPlatforms) = preSolution
		Debug|Any CPU = Debug|Any CPU
		Release|Any CPU = Release|Any CPU
	EndGlobalSection
	GlobalSection(ProjectConfigurationPlatforms) = postSolution
		{8B1EC274-8116-4706-B880-398A7231B6F5}.Debug|Any CPU.ActiveCfg = Debug|Any CPU
		{8B1EC274-8116-4706-B880-398A7231B6F5}.Debug|Any CPU.Build.0 = Debug|Any CPU
		{8B1EC274-8116-4706-B880-398A7231B6F5}.Release|Any CPU.ActiveCfg = Release|Any CPU
		{8B1EC274-8116-4706-B880-398A7231B6F5}.Release|Any CPU.Build.0 = Release|Any CPU
		{3A2DD1D5-F417-488B-B1AB-D2233E405A72}.Debug|Any CPU.ActiveCfg = Debug|Any CPU
		{3A2DD1D5-F417-488B-B1AB-D2233E405A72}.Debug|Any CPU.Build.0 = Debug|Any CPU
		{3A2DD1D5-F417-488B-B1AB-D2233E405A72}.Release|Any CPU.ActiveCfg = Release|Any CPU
		{3A2DD1D5-F417-488B-B1AB-D2233E405A72}.Release|Any CPU.Build.0 = Release|Any CPU
	EndGlobalSection
	GlobalSection(SolutionProperties) = preSolution
		HideSolutionNode = FALSE
	EndGlobalSection
	GlobalSection(ExtensibilityGlobals) = postSolution
		SolutionGuid = {6832C815-116C-428C-838A-446B14790C93}
	EndGlobalSection
EndGlobal
